{
  "name": "gmail-automata",
  "version": "1.0.0",
  "lockfileVersion": 1,
  "requires": true,
  "dependencies": {
    "@types/google-apps-script": {
      "version": "0.0.37",
      "resolved": "https://registry.npmjs.org/@types/google-apps-script/-/google-apps-script-0.0.37.tgz",
      "integrity": "sha512-ByTBI0m6D9vgv9pkhaUwx61OqLbPNfFm+/sI1eMpWxFzq7LkfII2q2GpS9Pu6Ig1fg1lKFVvbJweC0Si9kuYtw==",
      "dev": true
    }
  }
}
